
Microsoft Visual Studio Solution File, Format Version 12.00
Project("{2150E333-8FDC-42A3-9474-1A3956D46DE8}") = "Product", "Product", "{79DF66EA-08C1-420F-97AE-58826B578EDB}"
EndProject
Project("{2150E333-8FDC-42A3-9474-1A3956D46DE8}") = "Notification", "Notification", "{13977304-A308-4A4F-8C2E-9CF6CAC9B2A2}"
EndProject
Project("{FAE04EC0-301F-11D3-BF4B-00C04F79EFBC}") = "Application", "Product\Application\Application.csproj", "{9F29593D-96B9-40F1-84E4-0DABC6F67BF5}"
EndProject
Project("{FAE04EC0-301F-11D3-BF4B-00C04F79EFBC}") = "Infra", "Product\Infra\Infra.csproj", "{67168BED-4EE4-46FE-A969-B8DA01155A40}"
EndProject
Project("{FAE04EC0-301F-11D3-BF4B-00C04F79EFBC}") = "Api", "Product\Api\Api.csproj", "{65CA98B8-6A52-4818-A47C-E2412D944221}"
EndProject
Project("{FAE04EC0-301F-11D3-BF4B-00C04F79EFBC}") = "Infra", "Notification\Infra\Infra.csproj", "{CFE7A522-930D-44FC-8073-5E7843DF053A}"
EndProject
Project("{FAE04EC0-301F-11D3-BF4B-00C04F79EFBC}") = "Api", "Notification\Api\Api.csproj", "{5F350965-85BA-4569-BD25-D8B377B85025}"
EndProject
Project("{FAE04EC0-301F-11D3-BF4B-00C04F79EFBC}") = "Core", "Notification\Core\Core.csproj", "{08869E7C-D558-41C9-8289-29FDC37550F6}"
EndProject
Global
	GlobalSection(SolutionConfigurationPlatforms) = preSolution
		Debug|Any CPU = Debug|Any CPU
		Release|Any CPU = Release|Any CPU
	EndGlobalSection
	GlobalSection(NestedProjects) = preSolution
		{9F29593D-96B9-40F1-84E4-0DABC6F67BF5} = {79DF66EA-08C1-420F-97AE-58826B578EDB}
		{67168BED-4EE4-46FE-A969-B8DA01155A40} = {79DF66EA-08C1-420F-97AE-58826B578EDB}
		{65CA98B8-6A52-4818-A47C-E2412D944221} = {79DF66EA-08C1-420F-97AE-58826B578EDB}
		{CFE7A522-930D-44FC-8073-5E7843DF053A} = {13977304-A308-4A4F-8C2E-9CF6CAC9B2A2}
		{5F350965-85BA-4569-BD25-D8B377B85025} = {13977304-A308-4A4F-8C2E-9CF6CAC9B2A2}
		{08869E7C-D558-41C9-8289-29FDC37550F6} = {13977304-A308-4A4F-8C2E-9CF6CAC9B2A2}
	EndGlobalSection
	GlobalSection(ProjectConfigurationPlatforms) = postSolution
		{9F29593D-96B9-40F1-84E4-0DABC6F67BF5}.Debug|Any CPU.ActiveCfg = Debug|Any CPU
		{9F29593D-96B9-40F1-84E4-0DABC6F67BF5}.Debug|Any CPU.Build.0 = Debug|Any CPU
		{9F29593D-96B9-40F1-84E4-0DABC6F67BF5}.Release|Any CPU.ActiveCfg = Release|Any CPU
		{9F29593D-96B9-40F1-84E4-0DABC6F67BF5}.Release|Any CPU.Build.0 = Release|Any CPU
		{67168BED-4EE4-46FE-A969-B8DA01155A40}.Debug|Any CPU.ActiveCfg = Debug|Any CPU
		{67168BED-4EE4-46FE-A969-B8DA01155A40}.Debug|Any CPU.Build.0 = Debug|Any CPU
		{67168BED-4EE4-46FE-A969-B8DA01155A40}.Release|Any CPU.ActiveCfg = Release|Any CPU
		{67168BED-4EE4-46FE-A969-B8DA01155A40}.Release|Any CPU.Build.0 = Release|Any CPU
		{65CA98B8-6A52-4818-A47C-E2412D944221}.Debug|Any CPU.ActiveCfg = Debug|Any CPU
		{65CA98B8-6A52-4818-A47C-E2412D944221}.Debug|Any CPU.Build.0 = Debug|Any CPU
		{65CA98B8-6A52-4818-A47C-E2412D944221}.Release|Any CPU.ActiveCfg = Release|Any CPU
		{65CA98B8-6A52-4818-A47C-E2412D944221}.Release|Any CPU.Build.0 = Release|Any CPU
		{CFE7A522-930D-44FC-8073-5E7843DF053A}.Debug|Any CPU.ActiveCfg = Debug|Any CPU
		{CFE7A522-930D-44FC-8073-5E7843DF053A}.Debug|Any CPU.Build.0 = Debug|Any CPU
		{CFE7A522-930D-44FC-8073-5E7843DF053A}.Release|Any CPU.ActiveCfg = Release|Any CPU
		{CFE7A522-930D-44FC-8073-5E7843DF053A}.Release|Any CPU.Build.0 = Release|Any CPU
		{5F350965-85BA-4569-BD25-D8B377B85025}.Debug|Any CPU.ActiveCfg = Debug|Any CPU
		{5F350965-85BA-4569-BD25-D8B377B85025}.Debug|Any CPU.Build.0 = Debug|Any CPU
		{5F350965-85BA-4569-BD25-D8B377B85025}.Release|Any CPU.ActiveCfg = Release|Any CPU
		{5F350965-85BA-4569-BD25-D8B377B85025}.Release|Any CPU.Build.0 = Release|Any CPU
		{08869E7C-D558-41C9-8289-29FDC37550F6}.Debug|Any CPU.ActiveCfg = Debug|Any CPU
		{08869E7C-D558-41C9-8289-29FDC37550F6}.Debug|Any CPU.Build.0 = Debug|Any CPU
		{08869E7C-D558-41C9-8289-29FDC37550F6}.Release|Any CPU.ActiveCfg = Release|Any CPU
		{08869E7C-D558-41C9-8289-29FDC37550F6}.Release|Any CPU.Build.0 = Release|Any CPU
	EndGlobalSection
EndGlobal
